
Microsoft Visual Studio Solution File, Format Version 12.00
# Visual Studio 15
VisualStudioVersion = 15.0.27703.2035
MinimumVisualStudioVersion = 10.0.40219.1
Project("{FAE04EC0-301F-11D3-BF4B-00C04F79EFBC}") = "AsynchronousProgramming_Threads3", "AsynchronousProgramming_Threads3\AsynchronousProgramming_Threads3.csproj", "{3C1BB5C9-7F93-4275-87DC-769802998C3D}"
EndProject
Global
	GlobalSection(SolutionConfigurationPlatforms) = preSolution
		Debug|Any CPU = Debug|Any CPU
		Release|Any CPU = Release|Any CPU
	EndGlobalSection
	GlobalSection(ProjectConfigurationPlatforms) = postSolution
		{3C1BB5C9-7F93-4275-87DC-769802998C3D}.Debug|Any CPU.ActiveCfg = Debug|Any CPU
		{3C1BB5C9-7F93-4275-87DC-769802998C3D}.Debug|Any CPU.Build.0 = Debug|Any CPU
		{3C1BB5C9-7F93-4275-87DC-769802998C3D}.Release|Any CPU.ActiveCfg = Release|Any CPU
		{3C1BB5C9-7F93-4275-87DC-769802998C3D}.Release|Any CPU.Build.0 = Release|Any CPU
	EndGlobalSection
	GlobalSection(SolutionProperties) = preSolution
		HideSolutionNode = FALSE
	EndGlobalSection
	GlobalSection(ExtensibilityGlobals) = postSolution
		SolutionGuid = {C4FD74A8-3BC5-4AD1-B239-7BA47F56CFC6}
	EndGlobalSection
EndGlobal
